Microsoft Visual Studio Solution File, Format Version 12.00
# Visual Studio Version 17
VisualStudioVersion = 17.5.2.0
MinimumVisualStudioVersion = 10.0.40219.1
Project("{2150E333-8FDC-42A3-9474-1A3956D46DE8}") = "server-dotnet", "server-dotnet", "{10356BCD-8AD0-80F4-A67B-87DC80DBC047}"
EndProject
Project("{FAE04EC0-301F-11D3-BF4B-00C04F79EFBC}") = "MarkedHere.Api", "server-dotnet\MarkedHere.Api\MarkedHere.Api.csproj", "{176F20FD-D192-14A3-4F94-C9F05FEB42AC}"
EndProject
Global
	GlobalSection(SolutionConfigurationPlatforms) = preSolution
		Debug|Any CPU = Debug|Any CPU
		Release|Any CPU = Release|Any CPU
	EndGlobalSection
	GlobalSection(ProjectConfigurationPlatforms) = postSolution
		{176F20FD-D192-14A3-4F94-C9F05FEB42AC}.Debug|Any CPU.ActiveCfg = Debug|Any CPU
		{176F20FD-D192-14A3-4F94-C9F05FEB42AC}.Debug|Any CPU.Build.0 = Debug|Any CPU
		{176F20FD-D192-14A3-4F94-C9F05FEB42AC}.Release|Any CPU.ActiveCfg = Release|Any CPU
		{176F20FD-D192-14A3-4F94-C9F05FEB42AC}.Release|Any CPU.Build.0 = Release|Any CPU
	EndGlobalSection
	GlobalSection(SolutionProperties) = preSolution
		HideSolutionNode = FALSE
	EndGlobalSection
	GlobalSection(NestedProjects) = preSolution
		{176F20FD-D192-14A3-4F94-C9F05FEB42AC} = {10356BCD-8AD0-80F4-A67B-87DC80DBC047}
	EndGlobalSection
	GlobalSection(ExtensibilityGlobals) = postSolution
		SolutionGuid = {C2CAC546-8B14-4674-B33A-93D38D09BEF7}
	EndGlobalSection
EndGlobal
